
Microsoft Visual Studio Solution File, Format Version 12.00
Project("{FAE04EC0-301F-11D3-BF4B-00C04F79EFBC}") = "api", "api\api.csproj", "{665FC870-119B-448E-AE8F-A06347AD52D2}"
EndProject
Project("{FAE04EC0-301F-11D3-BF4B-00C04F79EFBC}") = "models", "models\models.csproj", "{6F4099F6-BCC7-4196-9227-DF1BBE690750}"
EndProject
Project("{FAE04EC0-301F-11D3-BF4B-00C04F79EFBC}") = "interfaces", "interfaces\interfaces.csproj", "{69CD6D5D-6828-43A6-B93B-03FE2AEE8FCC}"
EndProject
Project("{FAE04EC0-301F-11D3-BF4B-00C04F79EFBC}") = "concretes", "concretes\concretes.csproj", "{69B7C8F6-EC7C-4F51-A6BF-6B903715B555}"
EndProject
Global
	GlobalSection(SolutionConfigurationPlatforms) = preSolution
		Debug|Any CPU = Debug|Any CPU
		Release|Any CPU = Release|Any CPU
	EndGlobalSection
	GlobalSection(ProjectConfigurationPlatforms) = postSolution
		{665FC870-119B-448E-AE8F-A06347AD52D2}.Debug|Any CPU.ActiveCfg = Debug|Any CPU
		{665FC870-119B-448E-AE8F-A06347AD52D2}.Debug|Any CPU.Build.0 = Debug|Any CPU
		{665FC870-119B-448E-AE8F-A06347AD52D2}.Release|Any CPU.ActiveCfg = Release|Any CPU
		{665FC870-119B-448E-AE8F-A06347AD52D2}.Release|Any CPU.Build.0 = Release|Any CPU
		{6F4099F6-BCC7-4196-9227-DF1BBE690750}.Debug|Any CPU.ActiveCfg = Debug|Any CPU
		{6F4099F6-BCC7-4196-9227-DF1BBE690750}.Debug|Any CPU.Build.0 = Debug|Any CPU
		{6F4099F6-BCC7-4196-9227-DF1BBE690750}.Release|Any CPU.ActiveCfg = Release|Any CPU
		{6F4099F6-BCC7-4196-9227-DF1BBE690750}.Release|Any CPU.Build.0 = Release|Any CPU
		{69CD6D5D-6828-43A6-B93B-03FE2AEE8FCC}.Debug|Any CPU.ActiveCfg = Debug|Any CPU
		{69CD6D5D-6828-43A6-B93B-03FE2AEE8FCC}.Debug|Any CPU.Build.0 = Debug|Any CPU
		{69CD6D5D-6828-43A6-B93B-03FE2AEE8FCC}.Release|Any CPU.ActiveCfg = Release|Any CPU
		{69CD6D5D-6828-43A6-B93B-03FE2AEE8FCC}.Release|Any CPU.Build.0 = Release|Any CPU
		{69B7C8F6-EC7C-4F51-A6BF-6B903715B555}.Debug|Any CPU.ActiveCfg = Debug|Any CPU
		{69B7C8F6-EC7C-4F51-A6BF-6B903715B555}.Debug|Any CPU.Build.0 = Debug|Any CPU
		{69B7C8F6-EC7C-4F51-A6BF-6B903715B555}.Release|Any CPU.ActiveCfg = Release|Any CPU
		{69B7C8F6-EC7C-4F51-A6BF-6B903715B555}.Release|Any CPU.Build.0 = Release|Any CPU
	EndGlobalSection
EndGlobal
